<?xml version="1.0" encoding="utf-8"?>
<Project ToolsVersion="4.0" xmlns="http://schemas.microsoft.com/developer/msbuild/2003">
  <ItemGroup>
    <Filter Include="소스 파일">
      <UniqueIdentifier>{4FC737F1-C7A5-4376-A066-2A32D752A2FF}</UniqueIdentifier>
      <Extensions>cpp;c;cc;cxx;c++;cppm;ixx;def;odl;idl;hpj;bat;asm;asmx</Extensions>
    </Filter>
    <Filter Include="리소스 파일">
      <UniqueIdentifier>{67DA6AB6-F800-4c08-8B7A-83BB121AAD01}</UniqueIdentifier>
      <Extensions>rc;ico;cur;bmp;dlg;rc2;rct;bin;rgs;gif;jpg;jpeg;jpe;resx;tiff;tif;png;wav;mfcribbon-ms</Extensions>
    </Filter>
    <Filter Include="소스 파일\99.Defines">
      <UniqueIdentifier>{fb95253d-b1ce-4daa-9ed8-fa784425a35f}</UniqueIdentifier>
    </Filter>
    <Filter Include="소스 파일\01.Level">
      <UniqueIdentifier>{5719a034-669f-4c2f-adc2-b9f238b264db}</UniqueIdentifier>
    </Filter>
    <Filter Include="소스 파일\01.Level\Level_Logo">
      <UniqueIdentifier>{2d46521e-3b4b-4678-be7b-c5d3c7bbe82b}</UniqueIdentifier>
    </Filter>
    <Filter Include="소스 파일\00.MainApp">
      <UniqueIdentifier>{8ab601ec-d574-41fb-8b05-538158831ec9}</UniqueIdentifier>
    </Filter>
    <Filter Include="소스 파일\98.Input">
      <UniqueIdentifier>{1aad3c59-af07-420c-9d0f-50206c092197}</UniqueIdentifier>
    </Filter>
    <Filter Include="소스 파일\02.GameManager">
      <UniqueIdentifier>{b42ba0f8-5971-4121-b9f3-7e54f7d0fa58}</UniqueIdentifier>
    </Filter>
    <Filter Include="소스 파일\05.Item">
      <UniqueIdentifier>{2bd3f2bd-4ea8-4606-a098-989cf6cf9b30}</UniqueIdentifier>
    </Filter>
    <Filter Include="소스 파일\97.Default">
      <UniqueIdentifier>{a44bc811-c7ca-4192-85d0-a534687c6d3d}</UniqueIdentifier>
    </Filter>
    <Filter Include="소스 파일\06.Inventory">
      <UniqueIdentifier>{d63346e2-037a-41c8-9cea-98470e635134}</UniqueIdentifier>
    </Filter>
    <Filter Include="소스 파일\03.Interactable">
      <UniqueIdentifier>{9052e147-f2fa-4673-b8e8-92215eb1e99f}</UniqueIdentifier>
    </Filter>
    <Filter Include="소스 파일\03.Interactable\Character">
      <UniqueIdentifier>{e9106dc8-299c-49b6-bd57-266e44555a1b}</UniqueIdentifier>
    </Filter>
    <Filter Include="소스 파일\03.Interactable\Monster">
      <UniqueIdentifier>{100dfc9f-796c-42d1-ba56-7ec725de9c3b}</UniqueIdentifier>
    </Filter>
    <Filter Include="소스 파일\03.Interactable\Monster\Goblin">
      <UniqueIdentifier>{07089f1a-1345-4588-97c9-d8a31a6b21b2}</UniqueIdentifier>
    </Filter>
    <Filter Include="소스 파일\03.Interactable\Monster\Slime">
      <UniqueIdentifier>{e731f06e-faef-41cb-87d3-553ee8ee17ae}</UniqueIdentifier>
    </Filter>
    <Filter Include="소스 파일\03.Interactable\Monster\Orc">
      <UniqueIdentifier>{3510501a-f1ee-44c8-a6eb-172b392da933}</UniqueIdentifier>
    </Filter>
    <Filter Include="소스 파일\03.Interactable\Monster\Troll">
      <UniqueIdentifier>{1c58bb5c-d91a-4c21-8c02-a4fb9f9e0063}</UniqueIdentifier>
    </Filter>
    <Filter Include="소스 파일\04.FightObserver">
      <UniqueIdentifier>{3610c649-05ee-4c40-ba52-48c3bc3c3c7d}</UniqueIdentifier>
    </Filter>
    <Filter Include="소스 파일\04.FightObserver\HealthObserver">
      <UniqueIdentifier>{3dbca213-97ae-427e-959b-789371efdc07}</UniqueIdentifier>
    </Filter>
    <Filter Include="소스 파일\01.Level\Manager">
      <UniqueIdentifier>{3589eca2-e0b8-4a9b-8428-d597ca023d8d}</UniqueIdentifier>
    </Filter>
    <Filter Include="소스 파일\01.Level\Map">
      <UniqueIdentifier>{5bcee990-33cf-451a-865d-ab4728ef2da7}</UniqueIdentifier>
    </Filter>
    <Filter Include="소스 파일\01.Level\Map\Level_Shop">
      <UniqueIdentifier>{e2c7a1cd-34e2-4746-b306-01f2b523a393}</UniqueIdentifier>
    </Filter>
    <Filter Include="소스 파일\01.Level\Map\Level_Dungeon">
      <UniqueIdentifier>{3cc8b73e-b499-429c-91f1-fa785d4dd7e2}</UniqueIdentifier>
    </Filter>
    <Filter Include="소스 파일\01.Level\Map\Level_Main">
      <UniqueIdentifier>{d620cfaa-abfd-48dd-87d2-789921d933db}</UniqueIdentifier>
    </Filter>
    <Filter Include="소스 파일\08. EventLoop">
      <UniqueIdentifier>{68a97274-6412-4669-bc9e-f2d9e4997903}</UniqueIdentifier>
    </Filter>
    <Filter Include="소스 파일\03.Interactable\Portal">
      <UniqueIdentifier>{1f31bae7-b365-4b8d-95d5-1a2e2cf46a21}</UniqueIdentifier>
    </Filter>
  </ItemGroup>
  <ItemGroup>
    <ClCompile Include="GameManager.cpp">
      <Filter>소스 파일\02.GameManager</Filter>
    </ClCompile>
    <ClCompile Include="main.cpp">
      <Filter>소스 파일\97.Default</Filter>
    </ClCompile>
    <ClCompile Include="IITem.cpp">
      <Filter>소스 파일\05.Item</Filter>
    </ClCompile>
    <ClCompile Include="Level.cpp">
      <Filter>소스 파일\01.Level</Filter>
    </ClCompile>
    <ClCompile Include="Level_Logo.cpp">
      <Filter>소스 파일\01.Level\Level_Logo</Filter>
    </ClCompile>
    <ClCompile Include="MainApp.cpp">
      <Filter>소스 파일\00.MainApp</Filter>
    </ClCompile>
    <ClCompile Include="Input_Manager.cpp">
      <Filter>소스 파일\98.Input</Filter>
    </ClCompile>
    <ClCompile Include="Inventory.cpp">
      <Filter>소스 파일\06.Inventory</Filter>
    </ClCompile>
    <ClCompile Include="Character.cpp">
      <Filter>소스 파일\03.Interactable\Character</Filter>
    </ClCompile>
    <ClCompile Include="IMonster.cpp">
      <Filter>소스 파일\03.Interactable\Monster</Filter>
    </ClCompile>
    <ClCompile Include="Goblin.cpp">
      <Filter>소스 파일\03.Interactable\Monster\Goblin</Filter>
    </ClCompile>
    <ClCompile Include="Slime.cpp">
      <Filter>소스 파일\03.Interactable\Monster\Slime</Filter>
    </ClCompile>
    <ClCompile Include="Orc.cpp">
      <Filter>소스 파일\03.Interactable\Monster\Orc</Filter>
    </ClCompile>
    <ClCompile Include="Troll.cpp">
      <Filter>소스 파일\03.Interactable\Monster\Troll</Filter>
    </ClCompile>
    <ClCompile Include="SFightable.cpp">
      <Filter>소스 파일\04.FightObserver</Filter>
    </ClCompile>
    <ClCompile Include="FullObserver.h">
      <Filter>소스 파일\04.FightObserver\HealthObserver</Filter>
    </ClCompile>
    <ClCompile Include="Level_Manager.cpp">
      <Filter>소스 파일\01.Level\Manager</Filter>
    </ClCompile>
    <ClCompile Include="Level_Dungeon.cpp">
      <Filter>소스 파일\01.Level\Map\Level_Dungeon</Filter>
    </ClCompile>
    <ClCompile Include="Level_Shop.cpp">
      <Filter>소스 파일\01.Level\Map\Level_Shop</Filter>
    </ClCompile>
    <ClCompile Include="Portal.cpp">
      <Filter>소스 파일\03.Interactable\Portal</Filter>
    </ClCompile>
    <ClCompile Include="Map.cpp">
      <Filter>소스 파일\01.Level\Map</Filter>
    </ClCompile>
    <ClCompile Include="Movable.h">
      <Filter>소스 파일\03.Interactable</Filter>
    </ClCompile>
    <ClCompile Include="Level_Main.cpp">
      <Filter>소스 파일\01.Level\Map\Level_Main</Filter>
    </ClCompile>
    <ClCompile Include="EventLoop.cpp">
      <Filter>소스 파일\08. EventLoop</Filter>
    </ClCompile>
    <ClCompile Include="AttackBoost.cpp">
      <Filter>소스 파일</Filter>
    </ClCompile>
    <ClCompile Include="BoneHelm.cpp">
      <Filter>소스 파일</Filter>
    </ClCompile>
    <ClCompile Include="CanineMass.cpp">
      <Filter>소스 파일</Filter>
    </ClCompile>
    <ClCompile Include="GreenLeatherHelm.cpp">
      <Filter>소스 파일</Filter>
    </ClCompile>
    <ClCompile Include="GoblinKnife.cpp">
      <Filter>소스 파일</Filter>
    </ClCompile>
    <ClCompile Include="IConsumptionItem.cpp">
      <Filter>소스 파일</Filter>
    </ClCompile>
    <ClCompile Include="IEquipmentItem.cpp">
      <Filter>소스 파일</Filter>
    </ClCompile>
    <ClCompile Include="IEtcItem.cpp">
      <Filter>소스 파일</Filter>
    </ClCompile>
    <ClCompile Include="LiquidMass.cpp">
      <Filter>소스 파일</Filter>
    </ClCompile>
    <ClCompile Include="Observer.cpp">
      <Filter>소스 파일</Filter>
    </ClCompile>
    <ClCompile Include="HealthPotion.cpp">
      <Filter>소스 파일</Filter>
    </ClCompile>
    <ClCompile Include="ShabbyHelm.cpp">
      <Filter>소스 파일</Filter>
    </ClCompile>
    <ClCompile Include="LeatherShoes.cpp">
      <Filter>소스 파일</Filter>
    </ClCompile>
    <ClCompile Include="TrollTooth.cpp">
      <Filter>소스 파일</Filter>
    </ClCompile>
    <ClCompile Include="ShopNPC.cpp">
      <Filter>소스 파일</Filter>
    </ClCompile>
    <ClCompile Include="ClothArmor.cpp">
      <Filter>소스 파일</Filter>
    </ClCompile>
    <ClCompile Include="SlimeArmor.cpp">
      <Filter>소스 파일</Filter>
    </ClCompile>
    <ClCompile Include="BoneArmor.cpp">
      <Filter>소스 파일</Filter>
    </ClCompile>
    <ClCompile Include="Branch.cpp">
      <Filter>소스 파일</Filter>
    </ClCompile>
    <ClCompile Include="HeavySword.cpp">
      <Filter>소스 파일</Filter>
    </ClCompile>
    <ClCompile Include="GreatSword.cpp">
      <Filter>소스 파일</Filter>
    </ClCompile>
  </ItemGroup>
  <ItemGroup>
    <ClInclude Include="GameManager.h">
      <Filter>소스 파일\02.GameManager</Filter>
    </ClInclude>
    <ClInclude Include="IItem.h">
      <Filter>소스 파일\05.Item</Filter>
    </ClInclude>
    <ClInclude Include="Client_Defines.h">
      <Filter>소스 파일\99.Defines</Filter>
    </ClInclude>
    <ClInclude Include="Client_Macro.h">
      <Filter>소스 파일\99.Defines</Filter>
    </ClInclude>
    <ClInclude Include="Level.h">
      <Filter>소스 파일\01.Level</Filter>
    </ClInclude>
    <ClInclude Include="Level_Logo.h">
      <Filter>소스 파일\01.Level\Level_Logo</Filter>
    </ClInclude>
    <ClInclude Include="MainApp.h">
      <Filter>소스 파일\00.MainApp</Filter>
    </ClInclude>
    <ClInclude Include="Input_Manager.h">
      <Filter>소스 파일\98.Input</Filter>
    </ClInclude>
    <ClInclude Include="Inventory.h">
      <Filter>소스 파일\06.Inventory</Filter>
    </ClInclude>
    <ClInclude Include="Character.h">
      <Filter>소스 파일\03.Interactable\Character</Filter>
    </ClInclude>
    <ClInclude Include="IMonster.h">
      <Filter>소스 파일\03.Interactable\Monster</Filter>
    </ClInclude>
    <ClInclude Include="Goblin.h">
      <Filter>소스 파일\03.Interactable\Monster\Goblin</Filter>
    </ClInclude>
    <ClInclude Include="Slime.h">
      <Filter>소스 파일\03.Interactable\Monster\Slime</Filter>
    </ClInclude>
    <ClInclude Include="Orc.h">
      <Filter>소스 파일\03.Interactable\Monster\Orc</Filter>
    </ClInclude>
    <ClInclude Include="Troll.h">
      <Filter>소스 파일\03.Interactable\Monster\Troll</Filter>
    </ClInclude>
    <ClInclude Include="IInteractable.h">
      <Filter>소스 파일\03.Interactable</Filter>
    </ClInclude>
    <ClInclude Include="SFightable.h">
      <Filter>소스 파일\04.FightObserver</Filter>
    </ClInclude>
    <ClInclude Include="DangerObserver.h">
      <Filter>소스 파일\04.FightObserver\HealthObserver</Filter>
    </ClInclude>
    <ClInclude Include="DeathObserver.h">
      <Filter>소스 파일\04.FightObserver\HealthObserver</Filter>
    </ClInclude>
    <ClInclude Include="Level_Manager.h">
      <Filter>소스 파일\01.Level\Manager</Filter>
    </ClInclude>
    <ClInclude Include="Level_Dungeon.h">
      <Filter>소스 파일\01.Level\Map\Level_Dungeon</Filter>
    </ClInclude>
    <ClInclude Include="Level_Shop.h">
      <Filter>소스 파일\01.Level\Map\Level_Shop</Filter>
    </ClInclude>
    <ClInclude Include="Portal.h">
      <Filter>소스 파일\03.Interactable\Portal</Filter>
    </ClInclude>
    <ClInclude Include="Map.h">
      <Filter>소스 파일\01.Level\Map</Filter>
    </ClInclude>
    <ClInclude Include="Level_Main.h">
      <Filter>소스 파일\01.Level\Map\Level_Main</Filter>
    </ClInclude>
    <ClInclude Include="EventLoop.h">
      <Filter>소스 파일\08. EventLoop</Filter>
    </ClInclude>
    <ClInclude Include="IHealthObserver.h">
      <Filter>소스 파일\04.FightObserver</Filter>
    </ClInclude>
    <ClInclude Include="AttackBoost.h" />
    <ClInclude Include="BoneHelm.h" />
    <ClInclude Include="CanineMass.h" />
    <ClInclude Include="GreenLeatherHelm.h" />
    <ClInclude Include="GoblinKnife.h" />
    <ClInclude Include="IConsumptionItem.h" />
    <ClInclude Include="IEquipmentItem.h" />
    <ClInclude Include="IEtcItem.h" />
    <ClInclude Include="LiquidMass.h" />
    <ClInclude Include="Observer.h" />
    <ClInclude Include="HealthPotion.h" />
    <ClInclude Include="ShabbyHelm.h" />
    <ClInclude Include="LeatherShoes.h" />
    <ClInclude Include="TrollTooth.h" />
    <ClInclude Include="ShopNPC.h" />
    <ClInclude Include="ClothArmor.h">
      <Filter>소스 파일</Filter>
    </ClInclude>
    <ClInclude Include="SlimeArmor.h">
      <Filter>소스 파일</Filter>
    </ClInclude>
    <ClInclude Include="BoneArmor.h">
      <Filter>소스 파일</Filter>
    </ClInclude>
    <ClInclude Include="Branch.h">
      <Filter>소스 파일</Filter>
    </ClInclude>
    <ClInclude Include="HeavySword.h">
      <Filter>소스 파일</Filter>
    </ClInclude>
    <ClInclude Include="GreatSword.h">
      <Filter>소스 파일</Filter>
    </ClInclude>
  </ItemGroup>
</Project>